# This file is automatically @generated by Poetry 1.8.2 and should not be changed by hand.

[[package]]
name = "rtp"
version = "0.0.4"
description = "A library for decoding/encoding rtp packets"
optional = false
python-versions = "*"
files = [
    {file = "rtp-0.0.4-py3-none-any.whl", hash = "sha256:43987a7fff3b243323457c98648551519a3ce53cb9fa94c75413ef134d46c39f"},
]

[metadata]
lock-version = "2.0"
python-versions = "^3.8"
content-hash = "62e466a84e2902124e3b077624fe85023ce818e8700896f13a337743e326975b"
